
Microsoft Visual Studio Solution File, Format Version 12.00
# Visual Studio 14
VisualStudioVersion = 14.0.25420.1
MinimumVisualStudioVersion = 10.0.40219.1
Project("{FAE04EC0-301F-11D3-BF4B-00C04F79EFBC}") = "SEDCQuiz.WebApp", "SEDCQuiz.WebApp\SEDCQuiz.WebApp.csproj", "{7A8D3BAC-CAE6-4F66-B6C9-F499A507E740}"
EndProject
Project("{FAE04EC0-301F-11D3-BF4B-00C04F79EFBC}") = "SEDCQuiz.Domain.Entities", "SEDCQuiz.Domain.Entities\SEDCQuiz.Domain.Entities.csproj", "{C0B025FB-0A02-4043-A97D-487274527458}"
EndProject
Project("{FAE04EC0-301F-11D3-BF4B-00C04F79EFBC}") = "SEDCQuiz.Repositories", "SEDCQuiz.Repositories\SEDCQuiz.Repositories.csproj", "{A5669A9A-C454-4E54-BEC0-E2288E4AF062}"
EndProject
Project("{FAE04EC0-301F-11D3-BF4B-00C04F79EFBC}") = "SedcQuiz.Interfaces", "SedcQuiz.Interfaces\SedcQuiz.Interfaces.csproj", "{CE3DA3E4-0693-4CC7-978F-1AA0C4C55BFF}"
EndProject
Global
	GlobalSection(SolutionConfigurationPlatforms) = preSolution
		Debug|Any CPU = Debug|Any CPU
		Release|Any CPU = Release|Any CPU
	EndGlobalSection
	GlobalSection(ProjectConfigurationPlatforms) = postSolution
		{7A8D3BAC-CAE6-4F66-B6C9-F499A507E740}.Debug|Any CPU.ActiveCfg = Debug|Any CPU
		{7A8D3BAC-CAE6-4F66-B6C9-F499A507E740}.Debug|Any CPU.Build.0 = Debug|Any CPU
		{7A8D3BAC-CAE6-4F66-B6C9-F499A507E740}.Release|Any CPU.ActiveCfg = Release|Any CPU
		{7A8D3BAC-CAE6-4F66-B6C9-F499A507E740}.Release|Any CPU.Build.0 = Release|Any CPU
		{C0B025FB-0A02-4043-A97D-487274527458}.Debug|Any CPU.ActiveCfg = Debug|Any CPU
		{C0B025FB-0A02-4043-A97D-487274527458}.Debug|Any CPU.Build.0 = Debug|Any CPU
		{C0B025FB-0A02-4043-A97D-487274527458}.Release|Any CPU.ActiveCfg = Release|Any CPU
		{C0B025FB-0A02-4043-A97D-487274527458}.Release|Any CPU.Build.0 = Release|Any CPU
		{A5669A9A-C454-4E54-BEC0-E2288E4AF062}.Debug|Any CPU.ActiveCfg = Debug|Any CPU
		{A5669A9A-C454-4E54-BEC0-E2288E4AF062}.Debug|Any CPU.Build.0 = Debug|Any CPU
		{A5669A9A-C454-4E54-BEC0-E2288E4AF062}.Release|Any CPU.ActiveCfg = Release|Any CPU
		{A5669A9A-C454-4E54-BEC0-E2288E4AF062}.Release|Any CPU.Build.0 = Release|Any CPU
		{CE3DA3E4-0693-4CC7-978F-1AA0C4C55BFF}.Debug|Any CPU.ActiveCfg = Debug|Any CPU
		{CE3DA3E4-0693-4CC7-978F-1AA0C4C55BFF}.Debug|Any CPU.Build.0 = Debug|Any CPU
		{CE3DA3E4-0693-4CC7-978F-1AA0C4C55BFF}.Release|Any CPU.ActiveCfg = Release|Any CPU
		{CE3DA3E4-0693-4CC7-978F-1AA0C4C55BFF}.Release|Any CPU.Build.0 = Release|Any CPU
	EndGlobalSection
	GlobalSection(SolutionProperties) = preSolution
		HideSolutionNode = FALSE
	EndGlobalSection
EndGlobal
